
Microsoft Visual Studio Solution File, Format Version 11.00
# Visual Studio 2010
Project("{FAE04EC0-301F-11D3-BF4B-00C04F79EFBC}") = "Assembly-CSharp", "Assembly-CSharp.csproj", "{1711405D-1CF2-94BF-7A38-D87933E646BF}"
EndProject
Project("{FAE04EC0-301F-11D3-BF4B-00C04F79EFBC}") = "GoogleMobileAds.Editor", "GoogleMobileAds.Editor.csproj", "{365EB275-449B-C84F-9CF4-66082800F08A}"
EndProject
Global
	GlobalSection(SolutionConfigurationPlatforms) = preSolution
		Debug|Any CPU = Debug|Any CPU
		Release|Any CPU = Release|Any CPU
	EndGlobalSection
	GlobalSection(ProjectConfigurationPlatforms) = postSolution
		{1711405D-1CF2-94BF-7A38-D87933E646BF}.Debug|Any CPU.ActiveCfg = Debug|Any CPU
		{1711405D-1CF2-94BF-7A38-D87933E646BF}.Debug|Any CPU.Build.0 = Debug|Any CPU
		{1711405D-1CF2-94BF-7A38-D87933E646BF}.Release|Any CPU.ActiveCfg = Release|Any CPU
		{1711405D-1CF2-94BF-7A38-D87933E646BF}.Release|Any CPU.Build.0 = Release|Any CPU
		{365EB275-449B-C84F-9CF4-66082800F08A}.Debug|Any CPU.ActiveCfg = Debug|Any CPU
		{365EB275-449B-C84F-9CF4-66082800F08A}.Debug|Any CPU.Build.0 = Debug|Any CPU
		{365EB275-449B-C84F-9CF4-66082800F08A}.Release|Any CPU.ActiveCfg = Release|Any CPU
		{365EB275-449B-C84F-9CF4-66082800F08A}.Release|Any CPU.Build.0 = Release|Any CPU
	EndGlobalSection
	GlobalSection(SolutionProperties) = preSolution
		HideSolutionNode = FALSE
	EndGlobalSection
EndGlobal
